// !$*UTF8*$!
{
	archiveVersion = 1;
	classes = {
	};
	objectVersion = 48;
	objects = {

/* Begin PBXBuildFile section */
		0122552C1F363B6E002E2E3B /* AppDelegate.swift in Sources */ = {isa = PBXBuildFile; fileRef = 0122552B1F363B6E002E2E3B /* AppDelegate.swift */; };
		0122552E1F363B6E002E2E3B /* ViewController.swift in Sources */ = {isa = PBXBuildFile; fileRef = 0122552D1F363B6E002E2E3B /* ViewController.swift */; };
		012255311F363B6E002E2E3B /* Main.storyboard in Resources */ = {isa = PBXBuildFile; fileRef = 0122552F1F363B6E002E2E3B /* Main.storyboard */; };
		012255331F363B6E002E2E3B /* Assets.xcassets in Resources */ = {isa = PBXBuildFile; fileRef = 012255321F363B6E002E2E3B /* Assets.xcassets */; };
		012255361F363B6E002E2E3B /* LaunchScreen.storyboard in Resources */ = {isa = PBXBuildFile; fileRef = 012255341F363B6E002E2E3B /* LaunchScreen.storyboard */; };
		0122555E1F364D0D002E2E3B /* UIViewAnchorPoint.swift in Sources */ = {isa = PBXBuildFile; fileRef = 012255541F364D0B002E2E3B /* UIViewAnchorPoint.swift */; };
		0122555F1F364D0D002E2E3B /* UIViewX.swift in Sources */ = {isa = PBXBuildFile; fileRef = 012255551F364D0B002E2E3B /* UIViewX.swift */; };
		012255601F364D0D002E2E3B /* UIImageViewX.swift in Sources */ = {isa = PBXBuildFile; fileRef = 012255561F364D0C002E2E3B /* UIImageViewX.swift */; };
		012255611F364D0D002E2E3B /* UISliderX.swift in Sources */ = {isa = PBXBuildFile; fileRef = 012255571F364D0C002E2E3B /* UISliderX.swift */; };
		012255621F364D0D002E2E3B /* UIButtonX.swift in Sources */ = {isa = PBXBuildFile; fileRef = 012255581F364D0C002E2E3B /* UIButtonX.swift */; };
		012255631F364D0D002E2E3B /* UIViewXRadialGradient.swift in Sources */ = {isa = PBXBuildFile; fileRef = 012255591F364D0C002E2E3B /* UIViewXRadialGradient.swift */; };
		012255641F364D0D002E2E3B /* UIViewControllerX.swift in Sources */ = {isa = PBXBuildFile; fileRef = 0122555A1F364D0C002E2E3B /* UIViewControllerX.swift */; };
		012255651F364D0D002E2E3B /* UIVisualEffectViewX.swift in Sources */ = {isa = PBXBuildFile; fileRef = 0122555B1F364D0D002E2E3B /* UIVisualEffectViewX.swift */; };
		012255661F364D0D002E2E3B /* UILabelX.swift in Sources */ = {isa = PBXBuildFile; fileRef = 0122555C1F364D0D002E2E3B /* UILabelX.swift */; };
		012255671F364D0D002E2E3B /* UITextFieldX.swift in Sources */ = {isa = PBXBuildFile; fileRef = 0122555D1F364D0D002E2E3B /* UITextFieldX.swift */; };
		012255691F3712D0002E2E3B /* DesiredLeagueVC.swift in Sources */ = {isa = PBXBuildFile; fileRef = 012255681F3712D0002E2E3B /* DesiredLeagueVC.swift */; };
		0122556B1F37162C002E2E3B /* StartingPlayBallVC.swift in Sources */ = {isa = PBXBuildFile; fileRef = 0122556A1F37162C002E2E3B /* StartingPlayBallVC.swift */; };
		013D86951F3867FD0095515F /* Player.swift in Sources */ = {isa = PBXBuildFile; fileRef = 013D86941F3867FD0095515F /* Player.swift */; };
/* End PBXBuildFile section */

/* Begin PBXFileReference section */
		012255281F363B6E002E2E3B /* Swoosh.app */ = {isa = PBXFileReference; explicitFileType = wrapper.application; includeInIndex = 0; path = Swoosh.app; sourceTree = BUILT_PRODUCTS_DIR; };
		0122552B1F363B6E002E2E3B /* AppDelegate.swift */ = {isa = PBXFileReference; lastKnownFileType = sourcecode.swift; path = AppDelegate.swift; sourceTree = "<group>"; };
		0122552D1F363B6E002E2E3B /* ViewController.swift */ = {isa = PBXFileReference; lastKnownFileType = sourcecode.swift; path = ViewController.swift; sourceTree = "<group>"; };
		012255301F363B6E002E2E3B /* Base */ = {isa = PBXFileReference; lastKnownFileType = file.storyboard; name = Base; path = Base.lproj/Main.storyboard; sourceTree = "<group>"; };
		012255321F363B6E002E2E3B /* Assets.xcassets */ = {isa = PBXFileReference; lastKnownFileType = folder.assetcatalog; path = Assets.xcassets; sourceTree = "<group>"; };
		012255351F363B6E002E2E3B /* Base */ = {isa = PBXFileReference; lastKnownFileType = file.storyboard; name = Base; path = Base.lproj/LaunchScreen.storyboard; sourceTree = "<group>"; };
		012255371F363B6E002E2E3B /* Info.plist */ = {isa = PBXFileReference; lastKnownFileType = text.plist.xml; path = Info.plist; sourceTree = "<group>"; };
		012255541F364D0B002E2E3B /* UIViewAnchorPoint.swift */ = {isa = PBXFileReference; fileEncoding = 4; lastKnownFileType = sourcecode.swift; path = UIViewAnchorPoint.swift; sourceTree = "<group>"; };
		012255551F364D0B002E2E3B /* UIViewX.swift */ = {isa = PBXFileReference; fileEncoding = 4; lastKnownFileType = sourcecode.swift; path = UIViewX.swift; sourceTree = "<group>"; };
		012255561F364D0C002E2E3B /* UIImageViewX.swift */ = {isa = PBXFileReference; fileEncoding = 4; lastKnownFileType = sourcecode.swift; path = UIImageViewX.swift; sourceTree = "<group>"; };
		012255571F364D0C002E2E3B /* UISliderX.swift */ = {isa = PBXFileReference; fileEncoding = 4; lastKnownFileType = sourcecode.swift; path = UISliderX.swift; sourceTree = "<group>"; };
		012255581F364D0C002E2E3B /* UIButtonX.swift */ = {isa = PBXFileReference; fileEncoding = 4; lastKnownFileType = sourcecode.swift; path = UIButtonX.swift; sourceTree = "<group>"; };
		012255591F364D0C002E2E3B /* UIViewXRadialGradient.swift */ = {isa = PBXFileReference; fileEncoding = 4; lastKnownFileType = sourcecode.swift; path = UIViewXRadialGradient.swift; sourceTree = "<group>"; };
		0122555A1F364D0C002E2E3B /* UIViewControllerX.swift */ = {isa = PBXFileReference; fileEncoding = 4; lastKnownFileType = sourcecode.swift; path = UIViewControllerX.swift; sourceTree = "<group>"; };
		0122555B1F364D0D002E2E3B /* UIVisualEffectViewX.swift */ = {isa = PBXFileReference; fileEncoding = 4; lastKnownFileType = sourcecode.swift; path = UIVisualEffectViewX.swift; sourceTree = "<group>"; };
		0122555C1F364D0D002E2E3B /* UILabelX.swift */ = {isa = PBXFileReference; fileEncoding = 4; lastKnownFileType = sourcecode.swift; path = UILabelX.swift; sourceTree = "<group>"; };
		0122555D1F364D0D002E2E3B /* UITextFieldX.swift */ = {isa = PBXFileReference; fileEncoding = 4; lastKnownFileType = sourcecode.swift; path = UITextFieldX.swift; sourceTree = "<group>"; };
		012255681F3712D0002E2E3B /* DesiredLeagueVC.swift */ = {isa = PBXFileReference; lastKnownFileType = sourcecode.swift; path = DesiredLeagueVC.swift; sourceTree = "<group>"; };
		0122556A1F37162C002E2E3B /* StartingPlayBallVC.swift */ = {isa = PBXFileReference; lastKnownFileType = sourcecode.swift; path = StartingPlayBallVC.swift; sourceTree = "<group>"; };
		013D86941F3867FD0095515F /* Player.swift */ = {isa = PBXFileReference; lastKnownFileType = sourcecode.swift; path = Player.swift; sourceTree = "<group>"; };
/* End PBXFileReference section */

/* Begin PBXFrameworksBuildPhase section */
		012255251F363B6D002E2E3B /* Frameworks */ = {
			isa = PBXFrameworksBuildPhase;
			buildActionMask = 2147483647;
			files = (
			);
			runOnlyForDeploymentPostprocessing = 0;
		};
/* End PBXFrameworksBuildPhase section */

/* Begin PBXGroup section */
		0122551F1F363B6D002E2E3B = {
			isa = PBXGroup;
			children = (
				0122552A1F363B6E002E2E3B /* Swoosh */,
				012255291F363B6E002E2E3B /* Products */,
			);
			sourceTree = "<group>";
		};
		012255291F363B6E002E2E3B /* Products */ = {
			isa = PBXGroup;
			children = (
				012255281F363B6E002E2E3B /* Swoosh.app */,
			);
			name = Products;
			sourceTree = "<group>";
		};
		0122552A1F363B6E002E2E3B /* Swoosh */ = {
			isa = PBXGroup;
			children = (
				0122556F1F373150002E2E3B /* Utils */,
				012255531F364CF0002E2E3B /* Designables */,
				0122556D1F37313A002E2E3B /* Model */,
				0122556E1F373145002E2E3B /* View */,
				0122556C1F3730EE002E2E3B /* Controller */,
				0122552B1F363B6E002E2E3B /* AppDelegate.swift */,
				0122552F1F363B6E002E2E3B /* Main.storyboard */,
				012255321F363B6E002E2E3B /* Assets.xcassets */,
				012255341F363B6E002E2E3B /* LaunchScreen.storyboard */,
				012255371F363B6E002E2E3B /* Info.plist */,
			);
			path = Swoosh;
			sourceTree = "<group>";
		};
		012255531F364CF0002E2E3B /* Designables */ = {
			isa = PBXGroup;
			children = (
				012255581F364D0C002E2E3B /* UIButtonX.swift */,
				012255561F364D0C002E2E3B /* UIImageViewX.swift */,
				0122555C1F364D0D002E2E3B /* UILabelX.swift */,
				012255571F364D0C002E2E3B /* UISliderX.swift */,
				0122555D1F364D0D002E2E3B /* UITextFieldX.swift */,
				012255541F364D0B002E2E3B /* UIViewAnchorPoint.swift */,
				0122555A1F364D0C002E2E3B /* UIViewControllerX.swift */,
				012255551F364D0B002E2E3B /* UIViewX.swift */,
				012255591F364D0C002E2E3B /* UIViewXRadialGradient.swift */,
				0122555B1F364D0D002E2E3B /* UIVisualEffectViewX.swift */,
			);
			path = Designables;
			sourceTree = "<group>";
		};
		0122556C1F3730EE002E2E3B /* Controller */ = {
			isa = PBXGroup;
			children = (
				0122552D1F363B6E002E2E3B /* ViewController.swift */,
				012255681F3712D0002E2E3B /* DesiredLeagueVC.swift */,
				0122556A1F37162C002E2E3B /* StartingPlayBallVC.swift */,
			);
			path = Controller;
			sourceTree = "<group>";
		};
		0122556D1F37313A002E2E3B /* Model */ = {
			isa = PBXGroup;
			children = (
				013D86941F3867FD0095515F /* Player.swift */,
			);
			path = Model;
			sourceTree = "<group>";
		};
		0122556E1F373145002E2E3B /* View */ = {
			isa = PBXGroup;
			children = (
			);
			path = View;
			sourceTree = "<group>";
		};
		0122556F1F373150002E2E3B /* Utils */ = {
			isa = PBXGroup;
			children = (
			);
			path = Utils;
			sourceTree = "<group>";
		};
/* End PBXGroup section */

/* Begin PBXNativeTarget section */
		012255271F363B6D002E2E3B /* Swoosh */ = {
			isa = PBXNativeTarget;
			buildConfigurationList = 0122553A1F363B6E002E2E3B /* Build configuration list for PBXNativeTarget "Swoosh" */;
			buildPhases = (
				012255241F363B6D002E2E3B /* Sources */,
				012255251F363B6D002E2E3B /* Frameworks */,
				012255261F363B6D002E2E3B /* Resources */,
			);
			buildRules = (
			);
			dependencies = (
			);
			name = Swoosh;
			productName = Swoosh;
			productReference = 012255281F363B6E002E2E3B /* Swoosh.app */;
			productType = "com.apple.product-type.application";
		};
/* End PBXNativeTarget section */

/* Begin PBXProject section */
		012255201F363B6D002E2E3B /* Project object */ = {
			isa = PBXProject;
			attributes = {
				LastSwiftUpdateCheck = 0900;
				LastUpgradeCheck = 0900;
				ORGANIZATIONNAME = "W.S. van Arkel jr.";
				TargetAttributes = {
					012255271F363B6D002E2E3B = {
						CreatedOnToolsVersion = 9.0;
					};
				};
			};
			buildConfigurationList = 012255231F363B6D002E2E3B /* Build configuration list for PBXProject "Swoosh" */;
			compatibilityVersion = "Xcode 8.0";
			developmentRegion = en;
			hasScannedForEncodings = 0;
			knownRegions = (
				en,
				Base,
			);
			mainGroup = 0122551F1F363B6D002E2E3B;
			productRefGroup = 012255291F363B6E002E2E3B /* Products */;
			projectDirPath = "";
			projectRoot = "";
			targets = (
				012255271F363B6D002E2E3B /* Swoosh */,
			);
		};
/* End PBXProject section */

/* Begin PBXResourcesBuildPhase section */
		012255261F363B6D002E2E3B /* Resources */ = {
			isa = PBXResourcesBuildPhase;
			buildActionMask = 2147483647;
			files = (
				012255361F363B6E002E2E3B /* LaunchScreen.storyboard in Resources */,
				012255331F363B6E002E2E3B /* Assets.xcassets in Resources */,
				012255311F363B6E002E2E3B /* Main.storyboard in Resources */,
			);
			runOnlyForDeploymentPostprocessing = 0;
		};
/* End PBXResourcesBuildPhase section */

/* Begin PBXSourcesBuildPhase section */
		012255241F363B6D002E2E3B /* Sources */ = {
			isa = PBXSourcesBuildPhase;
			buildActionMask = 2147483647;
			files = (
				012255671F364D0D002E2E3B /* UITextFieldX.swift in Sources */,
				012255661F364D0D002E2E3B /* UILabelX.swift in Sources */,
				012255641F364D0D002E2E3B /* UIViewControllerX.swift in Sources */,
				0122555E1F364D0D002E2E3B /* UIViewAnchorPoint.swift in Sources */,
				012255651F364D0D002E2E3B /* UIVisualEffectViewX.swift in Sources */,
				0122556B1F37162C002E2E3B /* StartingPlayBallVC.swift in Sources */,
				012255601F364D0D002E2E3B /* UIImageViewX.swift in Sources */,
				012255631F364D0D002E2E3B /* UIViewXRadialGradient.swift in Sources */,
				012255691F3712D0002E2E3B /* DesiredLeagueVC.swift in Sources */,
				0122555F1F364D0D002E2E3B /* UIViewX.swift in Sources */,
				012255621F364D0D002E2E3B /* UIButtonX.swift in Sources */,
				012255611F364D0D002E2E3B /* UISliderX.swift in Sources */,
				0122552E1F363B6E002E2E3B /* ViewController.swift in Sources */,
				013D86951F3867FD0095515F /* Player.swift in Sources */,
				0122552C1F363B6E002E2E3B /* AppDelegate.swift in Sources */,
			);
			runOnlyForDeploymentPostprocessing = 0;
		};
/* End PBXSourcesBuildPhase section */

/* Begin PBXVariantGroup section */
		0122552F1F363B6E002E2E3B /* Main.storyboard */ = {
			isa = PBXVariantGroup;
			children = (
				012255301F363B6E002E2E3B /* Base */,
			);
			name = Main.storyboard;
			sourceTree = "<group>";
		};
		012255341F363B6E002E2E3B /* LaunchScreen.storyboard */ = {
			isa = PBXVariantGroup;
			children = (
				012255351F363B6E002E2E3B /* Base */,
			);
			name = LaunchScreen.storyboard;
			sourceTree = "<group>";
		};
/* End PBXVariantGroup section */

/* Begin XCBuildConfiguration section */
		012255381F363B6E002E2E3B /* Debug */ = {
			isa = XCBuildConfiguration;
			buildSettings = {
				ALWAYS_SEARCH_USER_PATHS = NO;
				CLANG_ANALYZER_NONNULL = YES;
				CLANG_ANALYZER_NUMBER_OBJECT_CONVERSION = YES_AGGRESSIVE;
				CLANG_CXX_LANGUAGE_STANDARD = "gnu++14";
				CLANG_CXX_LIBRARY = "libc++";
				CLANG_ENABLE_MODULES = YES;
				CLANG_ENABLE_OBJC_ARC = YES;
				CLANG_WARN_BLOCK_CAPTURE_AUTORELEASING = YES;
				CLANG_WARN_BOOL_CONVERSION = YES;
				CLANG_WARN_COMMA = YES;
				CLANG_WARN_CONSTANT_CONVERSION = YES;
				CLANG_WARN_DIRECT_OBJC_ISA_USAGE = YES_ERROR;
				CLANG_WARN_DOCUMENTATION_COMMENTS = YES;
				CLANG_WARN_EMPTY_BODY = YES;
				CLANG_WARN_ENUM_CONVERSION = YES;
				CLANG_WARN_INFINITE_RECURSION = YES;
				CLANG_WARN_INT_CONVERSION = YES;
				CLANG_WARN_NON_LITERAL_NULL_CONVERSION = YES;
				CLANG_WARN_OBJC_LITERAL_CONVERSION = YES;
				CLANG_WARN_OBJC_ROOT_CLASS = YES_ERROR;
				CLANG_WARN_RANGE_LOOP_ANALYSIS = YES;
				CLANG_WARN_STRICT_PROTOTYPES = YES;
				CLANG_WARN_SUSPICIOUS_MOVE = YES;
				CLANG_WARN_UNGUARDED_AVAILABILITY = YES_AGGRESSIVE;
				CLANG_WARN_UNREACHABLE_CODE = YES;
				CLANG_WARN__DUPLICATE_METHOD_MATCH = YES;
				CODE_SIGN_IDENTITY = "iPhone Developer";
				COPY_PHASE_STRIP = NO;
				DEBUG_INFORMATION_FORMAT = dwarf;
				ENABLE_STRICT_OBJC_MSGSEND = YES;
				ENABLE_TESTABILITY = YES;
				GCC_C_LANGUAGE_STANDARD = gnu11;
				GCC_DYNAMIC_NO_PIC = NO;
				GCC_NO_COMMON_BLOCKS = YES;
				GCC_OPTIMIZATION_LEVEL = 0;
				GCC_PREPROCESSOR_DEFINITIONS = (
					"DEBUG=1",
					"$(inherited)",
				);
				GCC_WARN_64_TO_32_BIT_CONVERSION = YES;
				GCC_WARN_ABOUT_RETURN_TYPE = YES_ERROR;
				GCC_WARN_UNDECLARED_SELECTOR = YES;
				GCC_WARN_UNINITIALIZED_AUTOS = YES_AGGRESSIVE;
				GCC_WARN_UNUSED_FUNCTION = YES;
				GCC_WARN_UNUSED_VARIABLE = YES;
				IPHONEOS_DEPLOYMENT_TARGET = 11.0;
				MTL_ENABLE_DEBUG_INFO = YES;
				ONLY_ACTIVE_ARCH = YES;
				SDKROOT = iphoneos;
				SWIFT_ACTIVE_COMPILATION_CONDITIONS = DEBUG;
				SWIFT_OPTIMIZATION_LEVEL = "-Onone";
			};
			name = Debug;
		};
		012255391F363B6E002E2E3B /* Release */ = {
			isa = XCBuildConfiguration;
			buildSettings = {
				ALWAYS_SEARCH_USER_PATHS = NO;
				CLANG_ANALYZER_NONNULL = YES;
				CLANG_ANALYZER_NUMBER_OBJECT_CONVERSION = YES_AGGRESSIVE;
				CLANG_CXX_LANGUAGE_STANDARD = "gnu++14";
				CLANG_CXX_LIBRARY = "libc++";
				CLANG_ENABLE_MODULES = YES;
				CLANG_ENABLE_OBJC_ARC = YES;
				CLANG_WARN_BLOCK_CAPTURE_AUTORELEASING = YES;
				CLANG_WARN_BOOL_CONVERSION = YES;
				CLANG_WARN_COMMA = YES;
				CLANG_WARN_CONSTANT_CONVERSION = YES;
				CLANG_WARN_DIRECT_OBJC_ISA_USAGE = YES_ERROR;
				CLANG_WARN_DOCUMENTATION_COMMENTS = YES;
				CLANG_WARN_EMPTY_BODY = YES;
				CLANG_WARN_ENUM_CONVERSION = YES;
				CLANG_WARN_INFINITE_RECURSION = YES;
				CLANG_WARN_INT_CONVERSION = YES;
				CLANG_WARN_NON_LITERAL_NULL_CONVERSION = YES;
				CLANG_WARN_OBJC_LITERAL_CONVERSION = YES;
				CLANG_WARN_OBJC_ROOT_CLASS = YES_ERROR;
				CLANG_WARN_RANGE_LOOP_ANALYSIS = YES;
				CLANG_WARN_STRICT_PROTOTYPES = YES;
				CLANG_WARN_SUSPICIOUS_MOVE = YES;
				CLANG_WARN_UNGUARDED_AVAILABILITY = YES_AGGRESSIVE;
				CLANG_WARN_UNREACHABLE_CODE = YES;
				CLANG_WARN__DUPLICATE_METHOD_MATCH = YES;
				CODE_SIGN_IDENTITY = "iPhone Developer";
				COPY_PHASE_STRIP = NO;
				DEBUG_INFORMATION_FORMAT = "dwarf-with-dsym";
				ENABLE_NS_ASSERTIONS = NO;
				ENABLE_STRICT_OBJC_MSGSEND = YES;
				GCC_C_LANGUAGE_STANDARD = gnu11;
				GCC_NO_COMMON_BLOCKS = YES;
				GCC_WARN_64_TO_32_BIT_CONVERSION = YES;
				GCC_WARN_ABOUT_RETURN_TYPE = YES_ERROR;
				GCC_WARN_UNDECLARED_SELECTOR = YES;
				GCC_WARN_UNINITIALIZED_AUTOS = YES_AGGRESSIVE;
				GCC_WARN_UNUSED_FUNCTION = YES;
				GCC_WARN_UNUSED_VARIABLE = YES;
				IPHONEOS_DEPLOYMENT_TARGET = 11.0;
				MTL_ENABLE_DEBUG_INFO = NO;
				SDKROOT = iphoneos;
				SWIFT_OPTIMIZATION_LEVEL = "-Owholemodule";
				VALIDATE_PRODUCT = YES;
			};
			name = Release;
		};
		0122553B1F363B6E002E2E3B /* Debug */ = {
			isa = XCBuildConfiguration;
			buildSettings = {
				ASSETCATALOG_COMPILER_APPICON_NAME = AppIcon;
				DEVELOPMENT_TEAM = QUF74GRPF3;
				INFOPLIST_FILE = Swoosh/Info.plist;
				LD_RUNPATH_SEARCH_PATHS = "$(inherited) @executable_path/Frameworks";
				PRODUCT_BUNDLE_IDENTIFIER = com.warcom.Swoosh;
				PRODUCT_NAME = "$(TARGET_NAME)";
				SWIFT_VERSION = 4.0;
				TARGETED_DEVICE_FAMILY = "1,2";
			};
			name = Debug;
		};
		0122553C1F363B6E002E2E3B /* Release */ = {
			isa = XCBuildConfiguration;
			buildSettings = {
				ASSETCATALOG_COMPILER_APPICON_NAME = AppIcon;
				DEVELOPMENT_TEAM = QUF74GRPF3;
				INFOPLIST_FILE = Swoosh/Info.plist;
				LD_RUNPATH_SEARCH_PATHS = "$(inherited) @executable_path/Frameworks";
				PRODUCT_BUNDLE_IDENTIFIER = com.warcom.Swoosh;
				PRODUCT_NAME = "$(TARGET_NAME)";
				SWIFT_VERSION = 4.0;
				TARGETED_DEVICE_FAMILY = "1,2";
			};
			name = Release;
		};
/* End XCBuildConfiguration section */

/* Begin XCConfigurationList section */
		012255231F363B6D002E2E3B /* Build configuration list for PBXProject "Swoosh" */ = {
			isa = XCConfigurationList;
			buildConfigurations = (
				012255381F363B6E002E2E3B /* Debug */,
				012255391F363B6E002E2E3B /* Release */,
			);
			defaultConfigurationIsVisible = 0;
			defaultConfigurationName = Release;
		};
		0122553A1F363B6E002E2E3B /* Build configuration list for PBXNativeTarget "Swoosh" */ = {
			isa = XCConfigurationList;
			buildConfigurations = (
				0122553B1F363B6E002E2E3B /* Debug */,
				0122553C1F363B6E002E2E3B /* Release */,
			);
			defaultConfigurationIsVisible = 0;
			defaultConfigurationName = Release;
		};
/* End XCConfigurationList section */
	};
	rootObject = 012255201F363B6D002E2E3B /* Project object */;
}
